// !$*UTF8*$!
{
	archiveVersion = 1;
	classes = {
	};
	objectVersion = 48;
	objects = {

/* Begin PBXBuildFile section */
		9135BD602042BD98004FA990 /* AppDelegate.swift in Sources */ = {isa = PBXBuildFile; fileRef = 9135BD5F2042BD98004FA990 /* AppDelegate.swift */; };
		9135BD622042BD98004FA990 /* ViewController.swift in Sources */ = {isa = PBXBuildFile; fileRef = 9135BD612042BD98004FA990 /* ViewController.swift */; };
		9135BD652042BD98004FA990 /* Main.storyboard in Resources */ = {isa = PBXBuildFile; fileRef = 9135BD632042BD98004FA990 /* Main.storyboard */; };
		9135BD672042BD99004FA990 /* Assets.xcassets in Resources */ = {isa = PBXBuildFile; fileRef = 9135BD662042BD99004FA990 /* Assets.xcassets */; };
		9135BD6A2042BD99004FA990 /* LaunchScreen.storyboard in Resources */ = {isa = PBXBuildFile; fileRef = 9135BD682042BD99004FA990 /* LaunchScreen.storyboard */; };
		9135BD752042BD99004FA990 /* TinkoffChatTests.swift in Sources */ = {isa = PBXBuildFile; fileRef = 9135BD742042BD99004FA990 /* TinkoffChatTests.swift */; };
		9135BD802042BD99004FA990 /* TinkoffChatUITests.swift in Sources */ = {isa = PBXBuildFile; fileRef = 9135BD7F2042BD99004FA990 /* TinkoffChatUITests.swift */; };
		91C5919A204C02FE0068292A /* ProfileViewController.swift in Sources */ = {isa = PBXBuildFile; fileRef = 91C59198204C02FE0068292A /* ProfileViewController.swift */; };
		91C5919C204C10080068292A /* UIView+Extension.swift in Sources */ = {isa = PBXBuildFile; fileRef = 91C5919B204C10080068292A /* UIView+Extension.swift */; };
		91C5919F205541C70068292A /* ConversationViewController.swift in Sources */ = {isa = PBXBuildFile; fileRef = 91C5919E205541C70068292A /* ConversationViewController.swift */; };
		91C591A12055488C0068292A /* MessageCellConfiguration.swift in Sources */ = {isa = PBXBuildFile; fileRef = 91C591A02055488C0068292A /* MessageCellConfiguration.swift */; };
		91C591A3205549B20068292A /* MessageTableViewCell.swift in Sources */ = {isa = PBXBuildFile; fileRef = 91C591A2205549B20068292A /* MessageTableViewCell.swift */; };
		91C591A72055556A0068292A /* MessageData.swift in Sources */ = {isa = PBXBuildFile; fileRef = 91C591A62055556A0068292A /* MessageData.swift */; };
		B339CBCD206AAD4900805B6C /* GCDDataManager.swift in Sources */ = {isa = PBXBuildFile; fileRef = B339CBCC206AAD4900805B6C /* GCDDataManager.swift */; };
		B339CBCF206AAD5F00805B6C /* OperationDataManager.swift in Sources */ = {isa = PBXBuildFile; fileRef = B339CBCE206AAD5F00805B6C /* OperationDataManager.swift */; };
		B33AA14B207DE2FC007571E7 /* ProfileUser.swift in Sources */ = {isa = PBXBuildFile; fileRef = B33AA14A207DE2FC007571E7 /* ProfileUser.swift */; };
		B34A4533206BB43800D7A450 /* UserManager.swift in Sources */ = {isa = PBXBuildFile; fileRef = B34A4532206BB43800D7A450 /* UserManager.swift */; };
		B34A4535206BC56100D7A450 /* DataManagerProtocol.swift in Sources */ = {isa = PBXBuildFile; fileRef = B34A4534206BC56100D7A450 /* DataManagerProtocol.swift */; };
		B34FBF87208F9A6700A3DFBD /* AppUser+CoreData.swift in Sources */ = {isa = PBXBuildFile; fileRef = B34FBF86208F9A6600A3DFBD /* AppUser+CoreData.swift */; };
		B34FBF89208F9B0300A3DFBD /* Message+CoreData.swift in Sources */ = {isa = PBXBuildFile; fileRef = B34FBF88208F9B0300A3DFBD /* Message+CoreData.swift */; };
		B34FBF8B208F9D9800A3DFBD /* ConversationsDataProvider.swift in Sources */ = {isa = PBXBuildFile; fileRef = B34FBF8A208F9D9800A3DFBD /* ConversationsDataProvider.swift */; };
		B34FBF8D208FA8DD00A3DFBD /* User+CoreData.swift in Sources */ = {isa = PBXBuildFile; fileRef = B34FBF8C208FA8DD00A3DFBD /* User+CoreData.swift */; };
		B34FBF8F208FAAEA00A3DFBD /* Conversation+CoreData.swift in Sources */ = {isa = PBXBuildFile; fileRef = B34FBF8E208FAAEA00A3DFBD /* Conversation+CoreData.swift */; };
		B34FBF91208FAD8F00A3DFBD /* ConversationDataProvider.swift in Sources */ = {isa = PBXBuildFile; fileRef = B34FBF90208FAD8F00A3DFBD /* ConversationDataProvider.swift */; };
		B35AE5EA207B420E000F5B79 /* CoreDataStack.swift in Sources */ = {isa = PBXBuildFile; fileRef = B35AE5E9207B420E000F5B79 /* CoreDataStack.swift */; };
		B35AE5EC207B4905000F5B79 /* StorageManager.swift in Sources */ = {isa = PBXBuildFile; fileRef = B35AE5EB207B4905000F5B79 /* StorageManager.swift */; };
		B36FC5782054214D00F2F948 /* ConversationsListViewController.swift in Sources */ = {isa = PBXBuildFile; fileRef = B36FC5772054214D00F2F948 /* ConversationsListViewController.swift */; };
		B36FC57A2054277700F2F948 /* ConversationsTableViewCell.swift in Sources */ = {isa = PBXBuildFile; fileRef = B36FC5792054277700F2F948 /* ConversationsTableViewCell.swift */; };
		B36FC57C2054295200F2F948 /* ConversationCellConfiguration.swift in Sources */ = {isa = PBXBuildFile; fileRef = B36FC57B2054295200F2F948 /* ConversationCellConfiguration.swift */; };
		B36FC57E20542C5C00F2F948 /* ConversationData.swift in Sources */ = {isa = PBXBuildFile; fileRef = B36FC57D20542C5C00F2F948 /* ConversationData.swift */; };
		B37C5570206B6F6C00834574 /* ProfileViewController.xib in Resources */ = {isa = PBXBuildFile; fileRef = B37C556F206B6F6C00834574 /* ProfileViewController.xib */; };
		B399679B207B612100E87D16 /* Model.xcdatamodeld in Sources */ = {isa = PBXBuildFile; fileRef = B3996799207B612100E87D16 /* Model.xcdatamodeld */; };
		B39B2773205FBAFA00E7C09F /* Themes.m in Sources */ = {isa = PBXBuildFile; fileRef = B39B2772205FBAFA00E7C09F /* Themes.m */; };
		B3BBBB862073D793005B5E69 /* MultipeerConnectivity.framework in Frameworks */ = {isa = PBXBuildFile; fileRef = B3BBBB852073D793005B5E69 /* MultipeerConnectivity.framework */; };
		B3BBBB892073D7C1005B5E69 /* Communicator.swift in Sources */ = {isa = PBXBuildFile; fileRef = B3BBBB882073D7C1005B5E69 /* Communicator.swift */; };
		B3BBBB8B2073D8A1005B5E69 /* CommunicatorDelegate.swift in Sources */ = {isa = PBXBuildFile; fileRef = B3BBBB8A2073D8A1005B5E69 /* CommunicatorDelegate.swift */; };
		B3BBBB8D2073D9C8005B5E69 /* MultipeerCommunicator.swift in Sources */ = {isa = PBXBuildFile; fileRef = B3BBBB8C2073D9C8005B5E69 /* MultipeerCommunicator.swift */; };
		B3BBBB8F2073DA43005B5E69 /* CommunicationManager.swift in Sources */ = {isa = PBXBuildFile; fileRef = B3BBBB8E2073DA43005B5E69 /* CommunicationManager.swift */; };
		B3EF745F205F94DB00118BF9 /* ThemesViewController.m in Sources */ = {isa = PBXBuildFile; fileRef = B3EF745E205F94DB00118BF9 /* ThemesViewController.m */; };
		B3EF7465205FA8AA00118BF9 /* ThemesViewController.xib in Resources */ = {isa = PBXBuildFile; fileRef = B3EF7464205FA8AA00118BF9 /* ThemesViewController.xib */; };
		B3F31C2220616F5500B397F2 /* BaseViewController.swift in Sources */ = {isa = PBXBuildFile; fileRef = B3F31C2120616F5500B397F2 /* BaseViewController.swift */; };
		B3F31C2420616FE600B397F2 /* UserDefaults+Extension.swift in Sources */ = {isa = PBXBuildFile; fileRef = B3F31C2320616FE600B397F2 /* UserDefaults+Extension.swift */; };
		B3F31C2620617D9900B397F2 /* UIColor+Extension.swift in Sources */ = {isa = PBXBuildFile; fileRef = B3F31C2520617D9900B397F2 /* UIColor+Extension.swift */; };
/* End PBXBuildFile section */

/* Begin PBXContainerItemProxy section */
		9135BD712042BD99004FA990 /* PBXContainerItemProxy */ = {
			isa = PBXContainerItemProxy;
			containerPortal = 9135BD542042BD98004FA990 /* Project object */;
			proxyType = 1;
			remoteGlobalIDString = 9135BD5B2042BD98004FA990;
			remoteInfo = TinkoffChat;
		};
		9135BD7C2042BD99004FA990 /* PBXContainerItemProxy */ = {
			isa = PBXContainerItemProxy;
			containerPortal = 9135BD542042BD98004FA990 /* Project object */;
			proxyType = 1;
			remoteGlobalIDString = 9135BD5B2042BD98004FA990;
			remoteInfo = TinkoffChat;
		};
/* End PBXContainerItemProxy section */

/* Begin PBXFileReference section */
		9135BD5C2042BD98004FA990 /* TinkoffChat.app */ = {isa = PBXFileReference; explicitFileType = wrapper.application; includeInIndex = 0; path = TinkoffChat.app; sourceTree = BUILT_PRODUCTS_DIR; };
		9135BD5F2042BD98004FA990 /* AppDelegate.swift */ = {isa = PBXFileReference; lastKnownFileType = sourcecode.swift; path = AppDelegate.swift; sourceTree = "<group>"; };
		9135BD612042BD98004FA990 /* ViewController.swift */ = {isa = PBXFileReference; lastKnownFileType = sourcecode.swift; path = ViewController.swift; sourceTree = "<group>"; };
		9135BD642042BD98004FA990 /* Base */ = {isa = PBXFileReference; lastKnownFileType = file.storyboard; name = Base; path = Base.lproj/Main.storyboard; sourceTree = "<group>"; };
		9135BD662042BD99004FA990 /* Assets.xcassets */ = {isa = PBXFileReference; lastKnownFileType = folder.assetcatalog; path = Assets.xcassets; sourceTree = "<group>"; };
		9135BD692042BD99004FA990 /* Base */ = {isa = PBXFileReference; lastKnownFileType = file.storyboard; name = Base; path = Base.lproj/LaunchScreen.storyboard; sourceTree = "<group>"; };
		9135BD6B2042BD99004FA990 /* Info.plist */ = {isa = PBXFileReference; lastKnownFileType = text.plist.xml; path = Info.plist; sourceTree = "<group>"; };
		9135BD702042BD99004FA990 /* TinkoffChatTests.xctest */ = {isa = PBXFileReference; explicitFileType = wrapper.cfbundle; includeInIndex = 0; path = TinkoffChatTests.xctest; sourceTree = BUILT_PRODUCTS_DIR; };
		9135BD742042BD99004FA990 /* TinkoffChatTests.swift */ = {isa = PBXFileReference; lastKnownFileType = sourcecode.swift; path = TinkoffChatTests.swift; sourceTree = "<group>"; };
		9135BD762042BD99004FA990 /* Info.plist */ = {isa = PBXFileReference; lastKnownFileType = text.plist.xml; path = Info.plist; sourceTree = "<group>"; };
		9135BD7B2042BD99004FA990 /* TinkoffChatUITests.xctest */ = {isa = PBXFileReference; explicitFileType = wrapper.cfbundle; includeInIndex = 0; path = TinkoffChatUITests.xctest; sourceTree = BUILT_PRODUCTS_DIR; };
		9135BD7F2042BD99004FA990 /* TinkoffChatUITests.swift */ = {isa = PBXFileReference; lastKnownFileType = sourcecode.swift; path = TinkoffChatUITests.swift; sourceTree = "<group>"; };
		9135BD812042BD99004FA990 /* Info.plist */ = {isa = PBXFileReference; lastKnownFileType = text.plist.xml; path = Info.plist; sourceTree = "<group>"; };
		91C59198204C02FE0068292A /* ProfileViewController.swift */ = {isa = PBXFileReference; fileEncoding = 4; lastKnownFileType = sourcecode.swift; path = ProfileViewController.swift; sourceTree = "<group>"; };
		91C5919B204C10080068292A /* UIView+Extension.swift */ = {isa = PBXFileReference; lastKnownFileType = sourcecode.swift; path = "UIView+Extension.swift"; sourceTree = "<group>"; };
		91C5919E205541C70068292A /* ConversationViewController.swift */ = {isa = PBXFileReference; lastKnownFileType = sourcecode.swift; path = ConversationViewController.swift; sourceTree = "<group>"; };
		91C591A02055488C0068292A /* MessageCellConfiguration.swift */ = {isa = PBXFileReference; lastKnownFileType = sourcecode.swift; path = MessageCellConfiguration.swift; sourceTree = "<group>"; };
		91C591A2205549B20068292A /* MessageTableViewCell.swift */ = {isa = PBXFileReference; lastKnownFileType = sourcecode.swift; path = MessageTableViewCell.swift; sourceTree = "<group>"; };
		91C591A62055556A0068292A /* MessageData.swift */ = {isa = PBXFileReference; lastKnownFileType = sourcecode.swift; path = MessageData.swift; sourceTree = "<group>"; };
		B339CBCC206AAD4900805B6C /* GCDDataManager.swift */ = {isa = PBXFileReference; lastKnownFileType = sourcecode.swift; path = GCDDataManager.swift; sourceTree = "<group>"; };
		B339CBCE206AAD5F00805B6C /* OperationDataManager.swift */ = {isa = PBXFileReference; lastKnownFileType = sourcecode.swift; path = OperationDataManager.swift; sourceTree = "<group>"; };
		B33AA14A207DE2FC007571E7 /* ProfileUser.swift */ = {isa = PBXFileReference; lastKnownFileType = sourcecode.swift; path = ProfileUser.swift; sourceTree = "<group>"; };
		B34A4532206BB43800D7A450 /* UserManager.swift */ = {isa = PBXFileReference; lastKnownFileType = sourcecode.swift; path = UserManager.swift; sourceTree = "<group>"; };
		B34A4534206BC56100D7A450 /* DataManagerProtocol.swift */ = {isa = PBXFileReference; lastKnownFileType = sourcecode.swift; path = DataManagerProtocol.swift; sourceTree = "<group>"; };
		B34FBF86208F9A6600A3DFBD /* AppUser+CoreData.swift */ = {isa = PBXFileReference; fileEncoding = 4; lastKnownFileType = sourcecode.swift; path = "AppUser+CoreData.swift"; sourceTree = "<group>"; };
		B34FBF88208F9B0300A3DFBD /* Message+CoreData.swift */ = {isa = PBXFileReference; fileEncoding = 4; lastKnownFileType = sourcecode.swift; path = "Message+CoreData.swift"; sourceTree = "<group>"; };
		B34FBF8A208F9D9800A3DFBD /* ConversationsDataProvider.swift */ = {isa = PBXFileReference; lastKnownFileType = sourcecode.swift; path = ConversationsDataProvider.swift; sourceTree = "<group>"; };
		B34FBF8C208FA8DD00A3DFBD /* User+CoreData.swift */ = {isa = PBXFileReference; lastKnownFileType = sourcecode.swift; path = "User+CoreData.swift"; sourceTree = "<group>"; };
		B34FBF8E208FAAEA00A3DFBD /* Conversation+CoreData.swift */ = {isa = PBXFileReference; lastKnownFileType = sourcecode.swift; path = "Conversation+CoreData.swift"; sourceTree = "<group>"; };
		B34FBF90208FAD8F00A3DFBD /* ConversationDataProvider.swift */ = {isa = PBXFileReference; lastKnownFileType = sourcecode.swift; path = ConversationDataProvider.swift; sourceTree = "<group>"; };
		B35AE5E9207B420E000F5B79 /* CoreDataStack.swift */ = {isa = PBXFileReference; lastKnownFileType = sourcecode.swift; path = CoreDataStack.swift; sourceTree = "<group>"; };
		B35AE5EB207B4905000F5B79 /* StorageManager.swift */ = {isa = PBXFileReference; lastKnownFileType = sourcecode.swift; path = StorageManager.swift; sourceTree = "<group>"; };
		B36FC5772054214D00F2F948 /* ConversationsListViewController.swift */ = {isa = PBXFileReference; lastKnownFileType = sourcecode.swift; path = ConversationsListViewController.swift; sourceTree = "<group>"; };
		B36FC5792054277700F2F948 /* ConversationsTableViewCell.swift */ = {isa = PBXFileReference; lastKnownFileType = sourcecode.swift; path = ConversationsTableViewCell.swift; sourceTree = "<group>"; };
		B36FC57B2054295200F2F948 /* ConversationCellConfiguration.swift */ = {isa = PBXFileReference; lastKnownFileType = sourcecode.swift; path = ConversationCellConfiguration.swift; sourceTree = "<group>"; };
		B36FC57D20542C5C00F2F948 /* ConversationData.swift */ = {isa = PBXFileReference; lastKnownFileType = sourcecode.swift; path = ConversationData.swift; sourceTree = "<group>"; };
		B37C556F206B6F6C00834574 /* ProfileViewController.xib */ = {isa = PBXFileReference; lastKnownFileType = file.xib; path = ProfileViewController.xib; sourceTree = "<group>"; };
		B399679A207B612100E87D16 /* Model.xcdatamodel */ = {isa = PBXFileReference; lastKnownFileType = wrapper.xcdatamodel; path = Model.xcdatamodel; sourceTree = "<group>"; };
		B39B2772205FBAFA00E7C09F /* Themes.m */ = {isa = PBXFileReference; lastKnownFileType = sourcecode.c.objc; path = Themes.m; sourceTree = "<group>"; };
		B3BBBB852073D793005B5E69 /* MultipeerConnectivity.framework */ = {isa = PBXFileReference; lastKnownFileType = wrapper.framework; name = MultipeerConnectivity.framework; path = System/Library/Frameworks/MultipeerConnectivity.framework; sourceTree = SDKROOT; };
		B3BBBB882073D7C1005B5E69 /* Communicator.swift */ = {isa = PBXFileReference; lastKnownFileType = sourcecode.swift; path = Communicator.swift; sourceTree = "<group>"; };
		B3BBBB8A2073D8A1005B5E69 /* CommunicatorDelegate.swift */ = {isa = PBXFileReference; lastKnownFileType = sourcecode.swift; path = CommunicatorDelegate.swift; sourceTree = "<group>"; };
		B3BBBB8C2073D9C8005B5E69 /* MultipeerCommunicator.swift */ = {isa = PBXFileReference; lastKnownFileType = sourcecode.swift; path = MultipeerCommunicator.swift; sourceTree = "<group>"; };
		B3BBBB8E2073DA43005B5E69 /* CommunicationManager.swift */ = {isa = PBXFileReference; lastKnownFileType = sourcecode.swift; path = CommunicationManager.swift; sourceTree = "<group>"; };
		B3EF745D205F94DA00118BF9 /* TinkoffChat-Bridging-Header.h */ = {isa = PBXFileReference; lastKnownFileType = sourcecode.c.h; path = "TinkoffChat-Bridging-Header.h"; sourceTree = "<group>"; };
		B3EF745E205F94DB00118BF9 /* ThemesViewController.m */ = {isa = PBXFileReference; lastKnownFileType = sourcecode.c.objc; path = ThemesViewController.m; sourceTree = "<group>"; };
		B3EF7460205F958400118BF9 /* ThemesViewController.h */ = {isa = PBXFileReference; lastKnownFileType = sourcecode.c.h; path = ThemesViewController.h; sourceTree = "<group>"; };
		B3EF7461205F9AD900118BF9 /* Themes.h */ = {isa = PBXFileReference; lastKnownFileType = sourcecode.c.h; path = Themes.h; sourceTree = "<group>"; };
		B3EF7462205F9FCA00118BF9 /* ThemesViewControllerDelegate.h */ = {isa = PBXFileReference; lastKnownFileType = sourcecode.c.h; path = ThemesViewControllerDelegate.h; sourceTree = "<group>"; };
		B3EF7464205FA8AA00118BF9 /* ThemesViewController.xib */ = {isa = PBXFileReference; lastKnownFileType = file.xib; path = ThemesViewController.xib; sourceTree = "<group>"; };
		B3F31C2120616F5500B397F2 /* BaseViewController.swift */ = {isa = PBXFileReference; lastKnownFileType = sourcecode.swift; path = BaseViewController.swift; sourceTree = "<group>"; };
		B3F31C2320616FE600B397F2 /* UserDefaults+Extension.swift */ = {isa = PBXFileReference; lastKnownFileType = sourcecode.swift; path = "UserDefaults+Extension.swift"; sourceTree = "<group>"; };
		B3F31C2520617D9900B397F2 /* UIColor+Extension.swift */ = {isa = PBXFileReference; lastKnownFileType = sourcecode.swift; path = "UIColor+Extension.swift"; sourceTree = "<group>"; };
/* End PBXFileReference section */

/* Begin PBXFrameworksBuildPhase section */
		9135BD592042BD98004FA990 /* Frameworks */ = {
			isa = PBXFrameworksBuildPhase;
			buildActionMask = 2147483647;
			files = (
				B3BBBB862073D793005B5E69 /* MultipeerConnectivity.framework in Frameworks */,
			);
			runOnlyForDeploymentPostprocessing = 0;
		};
		9135BD6D2042BD99004FA990 /* Frameworks */ = {
			isa = PBXFrameworksBuildPhase;
			buildActionMask = 2147483647;
			files = (
			);
			runOnlyForDeploymentPostprocessing = 0;
		};
		9135BD782042BD99004FA990 /* Frameworks */ = {
			isa = PBXFrameworksBuildPhase;
			buildActionMask = 2147483647;
			files = (
			);
			runOnlyForDeploymentPostprocessing = 0;
		};
/* End PBXFrameworksBuildPhase section */

/* Begin PBXGroup section */
		9135BD532042BD98004FA990 = {
			isa = PBXGroup;
			children = (
				9135BD5E2042BD98004FA990 /* TinkoffChat */,
				9135BD732042BD99004FA990 /* TinkoffChatTests */,
				9135BD7E2042BD99004FA990 /* TinkoffChatUITests */,
				9135BD5D2042BD98004FA990 /* Products */,
				B3BBBB842073D792005B5E69 /* Frameworks */,
			);
			sourceTree = "<group>";
		};
		9135BD5D2042BD98004FA990 /* Products */ = {
			isa = PBXGroup;
			children = (
				9135BD5C2042BD98004FA990 /* TinkoffChat.app */,
				9135BD702042BD99004FA990 /* TinkoffChatTests.xctest */,
				9135BD7B2042BD99004FA990 /* TinkoffChatUITests.xctest */,
			);
			name = Products;
			sourceTree = "<group>";
		};
		9135BD5E2042BD98004FA990 /* TinkoffChat */ = {
			isa = PBXGroup;
			children = (
				B3BBBB872073D79E005B5E69 /* Messenger */,
				B3EF7463205FA88F00118BF9 /* Themes */,
				91C5919D205541810068292A /* Conversation */,
				B36FC5762054212600F2F948 /* Conversations */,
				91C59192204C02C90068292A /* Profile */,
				B339CBCB206AAD1900805B6C /* Managers */,
				B3F31C2720617E2100B397F2 /* Extensions */,
				9135BD5F2042BD98004FA990 /* AppDelegate.swift */,
				9135BD612042BD98004FA990 /* ViewController.swift */,
				B3F31C2120616F5500B397F2 /* BaseViewController.swift */,
				9135BD632042BD98004FA990 /* Main.storyboard */,
				9135BD662042BD99004FA990 /* Assets.xcassets */,
				9135BD682042BD99004FA990 /* LaunchScreen.storyboard */,
				9135BD6B2042BD99004FA990 /* Info.plist */,
				B3EF745D205F94DA00118BF9 /* TinkoffChat-Bridging-Header.h */,
				B3996799207B612100E87D16 /* Model.xcdatamodeld */,
			);
			path = TinkoffChat;
			sourceTree = "<group>";
		};
		9135BD732042BD99004FA990 /* TinkoffChatTests */ = {
			isa = PBXGroup;
			children = (
				9135BD742042BD99004FA990 /* TinkoffChatTests.swift */,
				9135BD762042BD99004FA990 /* Info.plist */,
			);
			path = TinkoffChatTests;
			sourceTree = "<group>";
		};
		9135BD7E2042BD99004FA990 /* TinkoffChatUITests */ = {
			isa = PBXGroup;
			children = (
				9135BD7F2042BD99004FA990 /* TinkoffChatUITests.swift */,
				9135BD812042BD99004FA990 /* Info.plist */,
			);
			path = TinkoffChatUITests;
			sourceTree = "<group>";
		};
		91C59192204C02C90068292A /* Profile */ = {
			isa = PBXGroup;
			children = (
				91C59198204C02FE0068292A /* ProfileViewController.swift */,
				B37C556F206B6F6C00834574 /* ProfileViewController.xib */,
				B33AA14A207DE2FC007571E7 /* ProfileUser.swift */,
			);
			path = Profile;
			sourceTree = "<group>";
		};
		91C5919D205541810068292A /* Conversation */ = {
			isa = PBXGroup;
			children = (
				91C5919E205541C70068292A /* ConversationViewController.swift */,
				91C591A02055488C0068292A /* MessageCellConfiguration.swift */,
				91C591A2205549B20068292A /* MessageTableViewCell.swift */,
				91C591A62055556A0068292A /* MessageData.swift */,
				B34FBF90208FAD8F00A3DFBD /* ConversationDataProvider.swift */,
			);
			path = Conversation;
			sourceTree = "<group>";
		};
		B339CBCB206AAD1900805B6C /* Managers */ = {
			isa = PBXGroup;
			children = (
				B339CBCC206AAD4900805B6C /* GCDDataManager.swift */,
				B339CBCE206AAD5F00805B6C /* OperationDataManager.swift */,
				B34A4532206BB43800D7A450 /* UserManager.swift */,
				B34A4534206BC56100D7A450 /* DataManagerProtocol.swift */,
				B35AE5E9207B420E000F5B79 /* CoreDataStack.swift */,
				B35AE5EB207B4905000F5B79 /* StorageManager.swift */,
			);
			path = Managers;
			sourceTree = "<group>";
		};
		B36FC5762054212600F2F948 /* Conversations */ = {
			isa = PBXGroup;
			children = (
				B36FC5772054214D00F2F948 /* ConversationsListViewController.swift */,
				B36FC5792054277700F2F948 /* ConversationsTableViewCell.swift */,
				B36FC57B2054295200F2F948 /* ConversationCellConfiguration.swift */,
				B36FC57D20542C5C00F2F948 /* ConversationData.swift */,
				B34FBF8A208F9D9800A3DFBD /* ConversationsDataProvider.swift */,
			);
			path = Conversations;
			sourceTree = "<group>";
		};
		B3BBBB842073D792005B5E69 /* Frameworks */ = {
			isa = PBXGroup;
			children = (
				B3BBBB852073D793005B5E69 /* MultipeerConnectivity.framework */,
			);
			name = Frameworks;
			sourceTree = "<group>";
		};
		B3BBBB872073D79E005B5E69 /* Messenger */ = {
			isa = PBXGroup;
			children = (
				B3BBBB882073D7C1005B5E69 /* Communicator.swift */,
				B3BBBB8A2073D8A1005B5E69 /* CommunicatorDelegate.swift */,
				B3BBBB8C2073D9C8005B5E69 /* MultipeerCommunicator.swift */,
				B3BBBB8E2073DA43005B5E69 /* CommunicationManager.swift */,
			);
			path = Messenger;
			sourceTree = "<group>";
		};
		B3EF7463205FA88F00118BF9 /* Themes */ = {
			isa = PBXGroup;
			children = (
				B3EF7461205F9AD900118BF9 /* Themes.h */,
				B39B2772205FBAFA00E7C09F /* Themes.m */,
				B3EF7460205F958400118BF9 /* ThemesViewController.h */,
				B3EF745E205F94DB00118BF9 /* ThemesViewController.m */,
				B3EF7464205FA8AA00118BF9 /* ThemesViewController.xib */,
				B3EF7462205F9FCA00118BF9 /* ThemesViewControllerDelegate.h */,
			);
			path = Themes;
			sourceTree = "<group>";
		};
		B3F31C2720617E2100B397F2 /* Extensions */ = {
			isa = PBXGroup;
			children = (
				B34FBF88208F9B0300A3DFBD /* Message+CoreData.swift */,
				B34FBF86208F9A6600A3DFBD /* AppUser+CoreData.swift */,
				91C5919B204C10080068292A /* UIView+Extension.swift */,
				B3F31C2320616FE600B397F2 /* UserDefaults+Extension.swift */,
				B3F31C2520617D9900B397F2 /* UIColor+Extension.swift */,
				B34FBF8C208FA8DD00A3DFBD /* User+CoreData.swift */,
				B34FBF8E208FAAEA00A3DFBD /* Conversation+CoreData.swift */,
			);
			path = Extensions;
			sourceTree = "<group>";
		};
/* End PBXGroup section */

/* Begin PBXNativeTarget section */
		9135BD5B2042BD98004FA990 /* TinkoffChat */ = {
			isa = PBXNativeTarget;
			buildConfigurationList = 9135BD842042BD99004FA990 /* Build configuration list for PBXNativeTarget "TinkoffChat" */;
			buildPhases = (
				9135BD582042BD98004FA990 /* Sources */,
				9135BD592042BD98004FA990 /* Frameworks */,
				9135BD5A2042BD98004FA990 /* Resources */,
			);
			buildRules = (
			);
			dependencies = (
			);
			name = TinkoffChat;
			productName = TinkoffChat;
			productReference = 9135BD5C2042BD98004FA990 /* TinkoffChat.app */;
			productType = "com.apple.product-type.application";
		};
		9135BD6F2042BD99004FA990 /* TinkoffChatTests */ = {
			isa = PBXNativeTarget;
			buildConfigurationList = 9135BD872042BD99004FA990 /* Build configuration list for PBXNativeTarget "TinkoffChatTests" */;
			buildPhases = (
				9135BD6C2042BD99004FA990 /* Sources */,
				9135BD6D2042BD99004FA990 /* Frameworks */,
				9135BD6E2042BD99004FA990 /* Resources */,
			);
			buildRules = (
			);
			dependencies = (
				9135BD722042BD99004FA990 /* PBXTargetDependency */,
			);
			name = TinkoffChatTests;
			productName = TinkoffChatTests;
			productReference = 9135BD702042BD99004FA990 /* TinkoffChatTests.xctest */;
			productType = "com.apple.product-type.bundle.unit-test";
		};
		9135BD7A2042BD99004FA990 /* TinkoffChatUITests */ = {
			isa = PBXNativeTarget;
			buildConfigurationList = 9135BD8A2042BD99004FA990 /* Build configuration list for PBXNativeTarget "TinkoffChatUITests" */;
			buildPhases = (
				9135BD772042BD99004FA990 /* Sources */,
				9135BD782042BD99004FA990 /* Frameworks */,
				9135BD792042BD99004FA990 /* Resources */,
			);
			buildRules = (
			);
			dependencies = (
				9135BD7D2042BD99004FA990 /* PBXTargetDependency */,
			);
			name = TinkoffChatUITests;
			productName = TinkoffChatUITests;
			productReference = 9135BD7B2042BD99004FA990 /* TinkoffChatUITests.xctest */;
			productType = "com.apple.product-type.bundle.ui-testing";
		};
/* End PBXNativeTarget section */

/* Begin PBXProject section */
		9135BD542042BD98004FA990 /* Project object */ = {
			isa = PBXProject;
			attributes = {
				LastSwiftUpdateCheck = 0920;
				LastUpgradeCheck = 0930;
				ORGANIZATIONNAME = TCS;
				TargetAttributes = {
					9135BD5B2042BD98004FA990 = {
						CreatedOnToolsVersion = 9.2;
						LastSwiftMigration = 0920;
						ProvisioningStyle = Automatic;
					};
					9135BD6F2042BD99004FA990 = {
						CreatedOnToolsVersion = 9.2;
						ProvisioningStyle = Automatic;
						TestTargetID = 9135BD5B2042BD98004FA990;
					};
					9135BD7A2042BD99004FA990 = {
						CreatedOnToolsVersion = 9.2;
						ProvisioningStyle = Automatic;
						TestTargetID = 9135BD5B2042BD98004FA990;
					};
				};
			};
			buildConfigurationList = 9135BD572042BD98004FA990 /* Build configuration list for PBXProject "TinkoffChat" */;
			compatibilityVersion = "Xcode 8.0";
			developmentRegion = en;
			hasScannedForEncodings = 0;
			knownRegions = (
				en,
				Base,
			);
			mainGroup = 9135BD532042BD98004FA990;
			productRefGroup = 9135BD5D2042BD98004FA990 /* Products */;
			projectDirPath = "";
			projectRoot = "";
			targets = (
				9135BD5B2042BD98004FA990 /* TinkoffChat */,
				9135BD6F2042BD99004FA990 /* TinkoffChatTests */,
				9135BD7A2042BD99004FA990 /* TinkoffChatUITests */,
			);
		};
/* End PBXProject section */

/* Begin PBXResourcesBuildPhase section */
		9135BD5A2042BD98004FA990 /* Resources */ = {
			isa = PBXResourcesBuildPhase;
			buildActionMask = 2147483647;
			files = (
				B37C5570206B6F6C00834574 /* ProfileViewController.xib in Resources */,
				B3EF7465205FA8AA00118BF9 /* ThemesViewController.xib in Resources */,
				9135BD6A2042BD99004FA990 /* LaunchScreen.storyboard in Resources */,
				9135BD672042BD99004FA990 /* Assets.xcassets in Resources */,
				9135BD652042BD98004FA990 /* Main.storyboard in Resources */,
			);
			runOnlyForDeploymentPostprocessing = 0;
		};
		9135BD6E2042BD99004FA990 /* Resources */ = {
			isa = PBXResourcesBuildPhase;
			buildActionMask = 2147483647;
			files = (
			);
			runOnlyForDeploymentPostprocessing = 0;
		};
		9135BD792042BD99004FA990 /* Resources */ = {
			isa = PBXResourcesBuildPhase;
			buildActionMask = 2147483647;
			files = (
			);
			runOnlyForDeploymentPostprocessing = 0;
		};
/* End PBXResourcesBuildPhase section */

/* Begin PBXSourcesBuildPhase section */
		9135BD582042BD98004FA990 /* Sources */ = {
			isa = PBXSourcesBuildPhase;
			buildActionMask = 2147483647;
			files = (
				B34FBF8D208FA8DD00A3DFBD /* User+CoreData.swift in Sources */,
				B36FC57A2054277700F2F948 /* ConversationsTableViewCell.swift in Sources */,
				B3BBBB8B2073D8A1005B5E69 /* CommunicatorDelegate.swift in Sources */,
				B3BBBB8F2073DA43005B5E69 /* CommunicationManager.swift in Sources */,
				91C5919A204C02FE0068292A /* ProfileViewController.swift in Sources */,
				91C5919F205541C70068292A /* ConversationViewController.swift in Sources */,
				B34A4535206BC56100D7A450 /* DataManagerProtocol.swift in Sources */,
				B36FC5782054214D00F2F948 /* ConversationsListViewController.swift in Sources */,
				B3F31C2620617D9900B397F2 /* UIColor+Extension.swift in Sources */,
				B3BBBB8D2073D9C8005B5E69 /* MultipeerCommunicator.swift in Sources */,
				91C591A12055488C0068292A /* MessageCellConfiguration.swift in Sources */,
				B339CBCD206AAD4900805B6C /* GCDDataManager.swift in Sources */,
				B3F31C2220616F5500B397F2 /* BaseViewController.swift in Sources */,
				B34A4533206BB43800D7A450 /* UserManager.swift in Sources */,
				B39B2773205FBAFA00E7C09F /* Themes.m in Sources */,
				9135BD622042BD98004FA990 /* ViewController.swift in Sources */,
				91C5919C204C10080068292A /* UIView+Extension.swift in Sources */,
				91C591A72055556A0068292A /* MessageData.swift in Sources */,
				B399679B207B612100E87D16 /* Model.xcdatamodeld in Sources */,
				B36FC57C2054295200F2F948 /* ConversationCellConfiguration.swift in Sources */,
				B34FBF87208F9A6700A3DFBD /* AppUser+CoreData.swift in Sources */,
				91C591A3205549B20068292A /* MessageTableViewCell.swift in Sources */,
				B339CBCF206AAD5F00805B6C /* OperationDataManager.swift in Sources */,
				B34FBF91208FAD8F00A3DFBD /* ConversationDataProvider.swift in Sources */,
				B36FC57E20542C5C00F2F948 /* ConversationData.swift in Sources */,
				9135BD602042BD98004FA990 /* AppDelegate.swift in Sources */,
				B34FBF8F208FAAEA00A3DFBD /* Conversation+CoreData.swift in Sources */,
				B3EF745F205F94DB00118BF9 /* ThemesViewController.m in Sources */,
				B3F31C2420616FE600B397F2 /* UserDefaults+Extension.swift in Sources */,
				B34FBF8B208F9D9800A3DFBD /* ConversationsDataProvider.swift in Sources */,
				B33AA14B207DE2FC007571E7 /* ProfileUser.swift in Sources */,
				B35AE5EC207B4905000F5B79 /* StorageManager.swift in Sources */,
				B34FBF89208F9B0300A3DFBD /* Message+CoreData.swift in Sources */,
				B3BBBB892073D7C1005B5E69 /* Communicator.swift in Sources */,
				B35AE5EA207B420E000F5B79 /* CoreDataStack.swift in Sources */,
			);
			runOnlyForDeploymentPostprocessing = 0;
		};
		9135BD6C2042BD99004FA990 /* Sources */ = {
			isa = PBXSourcesBuildPhase;
			buildActionMask = 2147483647;
			files = (
				9135BD752042BD99004FA990 /* TinkoffChatTests.swift in Sources */,
			);
			runOnlyForDeploymentPostprocessing = 0;
		};
		9135BD772042BD99004FA990 /* Sources */ = {
			isa = PBXSourcesBuildPhase;
			buildActionMask = 2147483647;
			files = (
				9135BD802042BD99004FA990 /* TinkoffChatUITests.swift in Sources */,
			);
			runOnlyForDeploymentPostprocessing = 0;
		};
/* End PBXSourcesBuildPhase section */

/* Begin PBXTargetDependency section */
		9135BD722042BD99004FA990 /* PBXTargetDependency */ = {
			isa = PBXTargetDependency;
			target = 9135BD5B2042BD98004FA990 /* TinkoffChat */;
			targetProxy = 9135BD712042BD99004FA990 /* PBXContainerItemProxy */;
		};
		9135BD7D2042BD99004FA990 /* PBXTargetDependency */ = {
			isa = PBXTargetDependency;
			target = 9135BD5B2042BD98004FA990 /* TinkoffChat */;
			targetProxy = 9135BD7C2042BD99004FA990 /* PBXContainerItemProxy */;
		};
/* End PBXTargetDependency section */

/* Begin PBXVariantGroup section */
		9135BD632042BD98004FA990 /* Main.storyboard */ = {
			isa = PBXVariantGroup;
			children = (
				9135BD642042BD98004FA990 /* Base */,
			);
			name = Main.storyboard;
			sourceTree = "<group>";
		};
		9135BD682042BD99004FA990 /* LaunchScreen.storyboard */ = {
			isa = PBXVariantGroup;
			children = (
				9135BD692042BD99004FA990 /* Base */,
			);
			name = LaunchScreen.storyboard;
			sourceTree = "<group>";
		};
/* End PBXVariantGroup section */

/* Begin XCBuildConfiguration section */
		9135BD822042BD99004FA990 /* Debug */ = {
			isa = XCBuildConfiguration;
			buildSettings = {
				ALWAYS_SEARCH_USER_PATHS = NO;
				CLANG_ANALYZER_NONNULL = YES;
				CLANG_ANALYZER_NUMBER_OBJECT_CONVERSION = YES_AGGRESSIVE;
				CLANG_CXX_LANGUAGE_STANDARD = "gnu++14";
				CLANG_CXX_LIBRARY = "libc++";
				CLANG_ENABLE_MODULES = YES;
				CLANG_ENABLE_OBJC_ARC = YES;
				CLANG_WARN_BLOCK_CAPTURE_AUTORELEASING = YES;
				CLANG_WARN_BOOL_CONVERSION = YES;
				CLANG_WARN_COMMA = YES;
				CLANG_WARN_CONSTANT_CONVERSION = YES;
				CLANG_WARN_DEPRECATED_OBJC_IMPLEMENTATIONS = YES;
				CLANG_WARN_DIRECT_OBJC_ISA_USAGE = YES_ERROR;
				CLANG_WARN_DOCUMENTATION_COMMENTS = YES;
				CLANG_WARN_EMPTY_BODY = YES;
				CLANG_WARN_ENUM_CONVERSION = YES;
				CLANG_WARN_INFINITE_RECURSION = YES;
				CLANG_WARN_INT_CONVERSION = YES;
				CLANG_WARN_NON_LITERAL_NULL_CONVERSION = YES;
				CLANG_WARN_OBJC_IMPLICIT_RETAIN_SELF = YES;
				CLANG_WARN_OBJC_LITERAL_CONVERSION = YES;
				CLANG_WARN_OBJC_ROOT_CLASS = YES_ERROR;
				CLANG_WARN_RANGE_LOOP_ANALYSIS = YES;
				CLANG_WARN_STRICT_PROTOTYPES = YES;
				CLANG_WARN_SUSPICIOUS_MOVE = YES;
				CLANG_WARN_UNGUARDED_AVAILABILITY = YES_AGGRESSIVE;
				CLANG_WARN_UNREACHABLE_CODE = YES;
				CLANG_WARN__DUPLICATE_METHOD_MATCH = YES;
				CODE_SIGN_IDENTITY = "iPhone Developer";
				COPY_PHASE_STRIP = NO;
				DEBUG_INFORMATION_FORMAT = dwarf;
				ENABLE_STRICT_OBJC_MSGSEND = YES;
				ENABLE_TESTABILITY = YES;
				GCC_C_LANGUAGE_STANDARD = gnu11;
				GCC_DYNAMIC_NO_PIC = NO;
				GCC_NO_COMMON_BLOCKS = YES;
				GCC_OPTIMIZATION_LEVEL = 0;
				GCC_PREPROCESSOR_DEFINITIONS = (
					"DEBUG=1",
					"$(inherited)",
				);
				GCC_WARN_64_TO_32_BIT_CONVERSION = YES;
				GCC_WARN_ABOUT_RETURN_TYPE = YES_ERROR;
				GCC_WARN_UNDECLARED_SELECTOR = YES;
				GCC_WARN_UNINITIALIZED_AUTOS = YES_AGGRESSIVE;
				GCC_WARN_UNUSED_FUNCTION = YES;
				GCC_WARN_UNUSED_VARIABLE = YES;
				IPHONEOS_DEPLOYMENT_TARGET = 11.2;
				MTL_ENABLE_DEBUG_INFO = YES;
				ONLY_ACTIVE_ARCH = YES;
				SDKROOT = iphoneos;
				SWIFT_ACTIVE_COMPILATION_CONDITIONS = DEBUG;
				SWIFT_OPTIMIZATION_LEVEL = "-Onone";
			};
			name = Debug;
		};
		9135BD832042BD99004FA990 /* Release */ = {
			isa = XCBuildConfiguration;
			buildSettings = {
				ALWAYS_SEARCH_USER_PATHS = NO;
				CLANG_ANALYZER_NONNULL = YES;
				CLANG_ANALYZER_NUMBER_OBJECT_CONVERSION = YES_AGGRESSIVE;
				CLANG_CXX_LANGUAGE_STANDARD = "gnu++14";
				CLANG_CXX_LIBRARY = "libc++";
				CLANG_ENABLE_MODULES = YES;
				CLANG_ENABLE_OBJC_ARC = YES;
				CLANG_WARN_BLOCK_CAPTURE_AUTORELEASING = YES;
				CLANG_WARN_BOOL_CONVERSION = YES;
				CLANG_WARN_COMMA = YES;
				CLANG_WARN_CONSTANT_CONVERSION = YES;
				CLANG_WARN_DEPRECATED_OBJC_IMPLEMENTATIONS = YES;
				CLANG_WARN_DIRECT_OBJC_ISA_USAGE = YES_ERROR;
				CLANG_WARN_DOCUMENTATION_COMMENTS = YES;
				CLANG_WARN_EMPTY_BODY = YES;
				CLANG_WARN_ENUM_CONVERSION = YES;
				CLANG_WARN_INFINITE_RECURSION = YES;
				CLANG_WARN_INT_CONVERSION = YES;
				CLANG_WARN_NON_LITERAL_NULL_CONVERSION = YES;
				CLANG_WARN_OBJC_IMPLICIT_RETAIN_SELF = YES;
				CLANG_WARN_OBJC_LITERAL_CONVERSION = YES;
				CLANG_WARN_OBJC_ROOT_CLASS = YES_ERROR;
				CLANG_WARN_RANGE_LOOP_ANALYSIS = YES;
				CLANG_WARN_STRICT_PROTOTYPES = YES;
				CLANG_WARN_SUSPICIOUS_MOVE = YES;
				CLANG_WARN_UNGUARDED_AVAILABILITY = YES_AGGRESSIVE;
				CLANG_WARN_UNREACHABLE_CODE = YES;
				CLANG_WARN__DUPLICATE_METHOD_MATCH = YES;
				CODE_SIGN_IDENTITY = "iPhone Developer";
				COPY_PHASE_STRIP = NO;
				DEBUG_INFORMATION_FORMAT = "dwarf-with-dsym";
				ENABLE_NS_ASSERTIONS = NO;
				ENABLE_STRICT_OBJC_MSGSEND = YES;
				GCC_C_LANGUAGE_STANDARD = gnu11;
				GCC_NO_COMMON_BLOCKS = YES;
				GCC_WARN_64_TO_32_BIT_CONVERSION = YES;
				GCC_WARN_ABOUT_RETURN_TYPE = YES_ERROR;
				GCC_WARN_UNDECLARED_SELECTOR = YES;
				GCC_WARN_UNINITIALIZED_AUTOS = YES_AGGRESSIVE;
				GCC_WARN_UNUSED_FUNCTION = YES;
				GCC_WARN_UNUSED_VARIABLE = YES;
				IPHONEOS_DEPLOYMENT_TARGET = 11.2;
				MTL_ENABLE_DEBUG_INFO = NO;
				SDKROOT = iphoneos;
				SWIFT_OPTIMIZATION_LEVEL = "-Owholemodule";
				VALIDATE_PRODUCT = YES;
			};
			name = Release;
		};
		9135BD852042BD99004FA990 /* Debug */ = {
			isa = XCBuildConfiguration;
			buildSettings = {
				ASSETCATALOG_COMPILER_APPICON_NAME = AppIcon;
				CLANG_ENABLE_MODULES = YES;
				CLANG_ENABLE_OBJC_ARC = NO;
				CLANG_ENABLE_OBJC_WEAK = YES;
				CODE_SIGN_STYLE = Automatic;
				DEVELOPMENT_TEAM = "";
				INFOPLIST_FILE = TinkoffChat/Info.plist;
				IPHONEOS_DEPLOYMENT_TARGET = 9.0;
				LD_RUNPATH_SEARCH_PATHS = "$(inherited) @executable_path/Frameworks";
				PRODUCT_BUNDLE_IDENTIFIER = com.tinkoff.tinkoffchat;
				PRODUCT_NAME = "$(TARGET_NAME)";
				SWIFT_OBJC_BRIDGING_HEADER = "TinkoffChat/TinkoffChat-Bridging-Header.h";
				SWIFT_OPTIMIZATION_LEVEL = "-Onone";
				SWIFT_VERSION = 4.0;
				TARGETED_DEVICE_FAMILY = "1,2";
			};
			name = Debug;
		};
		9135BD862042BD99004FA990 /* Release */ = {
			isa = XCBuildConfiguration;
			buildSettings = {
				ASSETCATALOG_COMPILER_APPICON_NAME = AppIcon;
				CLANG_ENABLE_MODULES = YES;
				CLANG_ENABLE_OBJC_ARC = NO;
				CLANG_ENABLE_OBJC_WEAK = YES;
				CODE_SIGN_STYLE = Automatic;
				DEVELOPMENT_TEAM = "";
				INFOPLIST_FILE = TinkoffChat/Info.plist;
				IPHONEOS_DEPLOYMENT_TARGET = 9.0;
				LD_RUNPATH_SEARCH_PATHS = "$(inherited) @executable_path/Frameworks";
				PRODUCT_BUNDLE_IDENTIFIER = com.tinkoff.tinkoffchat;
				PRODUCT_NAME = "$(TARGET_NAME)";
				SWIFT_OBJC_BRIDGING_HEADER = "TinkoffChat/TinkoffChat-Bridging-Header.h";
				SWIFT_VERSION = 4.0;
				TARGETED_DEVICE_FAMILY = "1,2";
			};
			name = Release;
		};
		9135BD882042BD99004FA990 /* Debug */ = {
			isa = XCBuildConfiguration;
			buildSettings = {
				ALWAYS_EMBED_SWIFT_STANDARD_LIBRARIES = YES;
				BUNDLE_LOADER = "$(TEST_HOST)";
				CODE_SIGN_STYLE = Automatic;
				INFOPLIST_FILE = TinkoffChatTests/Info.plist;
				LD_RUNPATH_SEARCH_PATHS = "$(inherited) @executable_path/Frameworks @loader_path/Frameworks";
				PRODUCT_BUNDLE_IDENTIFIER = com.tcsbank.TinkoffChatTests;
				PRODUCT_NAME = "$(TARGET_NAME)";
				SWIFT_VERSION = 4.0;
				TARGETED_DEVICE_FAMILY = "1,2";
				TEST_HOST = "$(BUILT_PRODUCTS_DIR)/TinkoffChat.app/TinkoffChat";
			};
			name = Debug;
		};
		9135BD892042BD99004FA990 /* Release */ = {
			isa = XCBuildConfiguration;
			buildSettings = {
				ALWAYS_EMBED_SWIFT_STANDARD_LIBRARIES = YES;
				BUNDLE_LOADER = "$(TEST_HOST)";
				CODE_SIGN_STYLE = Automatic;
				INFOPLIST_FILE = TinkoffChatTests/Info.plist;
				LD_RUNPATH_SEARCH_PATHS = "$(inherited) @executable_path/Frameworks @loader_path/Frameworks";
				PRODUCT_BUNDLE_IDENTIFIER = com.tcsbank.TinkoffChatTests;
				PRODUCT_NAME = "$(TARGET_NAME)";
				SWIFT_VERSION = 4.0;
				TARGETED_DEVICE_FAMILY = "1,2";
				TEST_HOST = "$(BUILT_PRODUCTS_DIR)/TinkoffChat.app/TinkoffChat";
			};
			name = Release;
		};
		9135BD8B2042BD99004FA990 /* Debug */ = {
			isa = XCBuildConfiguration;
			buildSettings = {
				ALWAYS_EMBED_SWIFT_STANDARD_LIBRARIES = YES;
				CODE_SIGN_STYLE = Automatic;
				INFOPLIST_FILE = TinkoffChatUITests/Info.plist;
				LD_RUNPATH_SEARCH_PATHS = "$(inherited) @executable_path/Frameworks @loader_path/Frameworks";
				PRODUCT_BUNDLE_IDENTIFIER = com.tcsbank.TinkoffChatUITests;
				PRODUCT_NAME = "$(TARGET_NAME)";
				SWIFT_VERSION = 4.0;
				TARGETED_DEVICE_FAMILY = "1,2";
				TEST_TARGET_NAME = TinkoffChat;
			};
			name = Debug;
		};
		9135BD8C2042BD99004FA990 /* Release */ = {
			isa = XCBuildConfiguration;
			buildSettings = {
				ALWAYS_EMBED_SWIFT_STANDARD_LIBRARIES = YES;
				CODE_SIGN_STYLE = Automatic;
				INFOPLIST_FILE = TinkoffChatUITests/Info.plist;
				LD_RUNPATH_SEARCH_PATHS = "$(inherited) @executable_path/Frameworks @loader_path/Frameworks";
				PRODUCT_BUNDLE_IDENTIFIER = com.tcsbank.TinkoffChatUITests;
				PRODUCT_NAME = "$(TARGET_NAME)";
				SWIFT_VERSION = 4.0;
				TARGETED_DEVICE_FAMILY = "1,2";
				TEST_TARGET_NAME = TinkoffChat;
			};
			name = Release;
		};
/* End XCBuildConfiguration section */

/* Begin XCConfigurationList section */
		9135BD572042BD98004FA990 /* Build configuration list for PBXProject "TinkoffChat" */ = {
			isa = XCConfigurationList;
			buildConfigurations = (
				9135BD822042BD99004FA990 /* Debug */,
				9135BD832042BD99004FA990 /* Release */,
			);
			defaultConfigurationIsVisible = 0;
			defaultConfigurationName = Release;
		};
		9135BD842042BD99004FA990 /* Build configuration list for PBXNativeTarget "TinkoffChat" */ = {
			isa = XCConfigurationList;
			buildConfigurations = (
				9135BD852042BD99004FA990 /* Debug */,
				9135BD862042BD99004FA990 /* Release */,
			);
			defaultConfigurationIsVisible = 0;
			defaultConfigurationName = Release;
		};
		9135BD872042BD99004FA990 /* Build configuration list for PBXNativeTarget "TinkoffChatTests" */ = {
			isa = XCConfigurationList;
			buildConfigurations = (
				9135BD882042BD99004FA990 /* Debug */,
				9135BD892042BD99004FA990 /* Release */,
			);
			defaultConfigurationIsVisible = 0;
			defaultConfigurationName = Release;
		};
		9135BD8A2042BD99004FA990 /* Build configuration list for PBXNativeTarget "TinkoffChatUITests" */ = {
			isa = XCConfigurationList;
			buildConfigurations = (
				9135BD8B2042BD99004FA990 /* Debug */,
				9135BD8C2042BD99004FA990 /* Release */,
			);
			defaultConfigurationIsVisible = 0;
			defaultConfigurationName = Release;
		};
/* End XCConfigurationList section */

/* Begin XCVersionGroup section */
		B3996799207B612100E87D16 /* Model.xcdatamodeld */ = {
			isa = XCVersionGroup;
			children = (
				B399679A207B612100E87D16 /* Model.xcdatamodel */,
			);
			currentVersion = B399679A207B612100E87D16 /* Model.xcdatamodel */;
			path = Model.xcdatamodeld;
			sourceTree = "<group>";
			versionGroupType = wrapper.xcdatamodel;
		};
/* End XCVersionGroup section */
	};
	rootObject = 9135BD542042BD98004FA990 /* Project object */;
}
